
Microsoft Visual Studio Solution File, Format Version 12.00
# Visual Studio Version 16
VisualStudioVersion = 16.0.32901.82
MinimumVisualStudioVersion = 10.0.40219.1
Project("{9A19103F-16F7-4668-BE54-9A1E7A4F7556}") = "TestSolution", "TestSolution\TestSolution.csproj", "{14915716-D98C-4CCF-9421-F110EE71B3F7}"
EndProject
Project("{2150E333-8FDC-42A3-9474-1A3956D46DE8}") = "HomeWorks", "HomeWorks", "{A9C8DC58-8E12-4E59-B6C0-2AFC7C66064A}"
EndProject
Project("{2150E333-8FDC-42A3-9474-1A3956D46DE8}") = "Lesson1", "Lesson1", "{E96E5225-836E-4DE5-9EC8-10D425E43F5D}"
EndProject
Project("{9A19103F-16F7-4668-BE54-9A1E7A4F7556}") = "ConsoleAppLesson1", "HomeWorks\Lesson 1\ConsoleAppLesson1\ConsoleAppLesson1.csproj", "{D1753B25-7F05-4B43-96AA-D4237BE9A311}"
EndProject
Project("{9A19103F-16F7-4668-BE54-9A1E7A4F7556}") = "ConsoleAppLesson1_InputNameFromConsole", "HomeWorks\Lesson 1\ConsoleAppLesson1_InputNameFromConsole\ConsoleAppLesson1_InputNameFromConsole.csproj", "{D2CEC444-24BD-4C86-A8BB-40F27502F137}"
EndProject
Project("{9A19103F-16F7-4668-BE54-9A1E7A4F7556}") = "WebApplicationLesson1", "HomeWorks\Lesson 1\WebApplicationLesson1\WebApplicationLesson1.csproj", "{C4A60277-7F74-4A8D-8E22-897C44DE478D}"
EndProject
Project("{9A19103F-16F7-4668-BE54-9A1E7A4F7556}") = "WinFormsAppLesson1", "HomeWorks\Lesson 1\WinFormsAppLesson1\WinFormsAppLesson1.csproj", "{12B1E411-1A79-491A-A1AE-CA47E737C1C4}"
EndProject
Project("{2150E333-8FDC-42A3-9474-1A3956D46DE8}") = "Lesson2", "Lesson2", "{4054F5F8-8C31-49B8-9617-333A421CF663}"
EndProject
Project("{9A19103F-16F7-4668-BE54-9A1E7A4F7556}") = "Lesson2_HomeWork", "HomeWorks\Lesson 2\Lesson2_HomeWork\Lesson2_HomeWork.csproj", "{6AFF916D-E8BA-4DEF-B67B-CCC1F562CD7D}"
EndProject
Project("{9A19103F-16F7-4668-BE54-9A1E7A4F7556}") = "Lesson2_HomeWork_VersionWithoutDynamics", "HomeWorks\Lesson 2\Lesson2_HomeWork_VersionWithoutDynamics\Lesson2_HomeWork_VersionWithoutDynamics.csproj", "{977624BE-BF4D-4C75-B04C-FD2B7EDBB03F}"
EndProject
Project("{2150E333-8FDC-42A3-9474-1A3956D46DE8}") = "Lesson3", "Lesson3", "{CAE134D4-877D-45EE-9332-0DEF265D2FA3}"
EndProject
Project("{9A19103F-16F7-4668-BE54-9A1E7A4F7556}") = "Lesson3_HomeWork_FindSymbolsCount", "HomeWorks\Lesson 3\Lesson3_HomeWork_FindSymbolsCount\Lesson3_HomeWork_FindSymbolsCount.csproj", "{7CD6AF64-5D72-47B9-9E41-AB9A09D264F6}"
EndProject
Project("{9A19103F-16F7-4668-BE54-9A1E7A4F7556}") = "Lesson3_HomeWork_QuadraticRequation", "HomeWorks\Lesson 3\Lesson3_HomeWork_QuadraticRequation\Lesson3_HomeWork_QuadraticRequation.csproj", "{2219ABA4-0F36-47D3-9C87-427906DBC4A3}"
EndProject
Project("{2150E333-8FDC-42A3-9474-1A3956D46DE8}") = "Lesson4", "Lesson4", "{A3B3032A-9315-4C2E-993D-41BDBBBF9B16}"
EndProject
Project("{2150E333-8FDC-42A3-9474-1A3956D46DE8}") = "Lesson5", "Lesson5", "{770E0C3F-6209-4C53-86CF-1A4F6535A660}"
EndProject
Project("{9A19103F-16F7-4668-BE54-9A1E7A4F7556}") = "Lesson5_HomeWork_Authorization", "HomeWorks\Lesson 5\Lesson5_HomeWork_Authorization\Lesson5_HomeWork_Authorization.csproj", "{D0BF4D05-63CF-475F-B13E-FD864092F96B}"
EndProject
Project("{9A19103F-16F7-4668-BE54-9A1E7A4F7556}") = "Lesson5_HomeWork_ShotInTarget", "HomeWorks\Lesson 5\Lesson5_HomeWork_ShotInTarget\Lesson5_HomeWork_ShotInTarget.csproj", "{201E4202-D0C1-4A24-BE1A-F76C3C53E9C1}"
EndProject
Project("{9A19103F-16F7-4668-BE54-9A1E7A4F7556}") = "Lesson5_HomeWork_Shots", "HomeWorks\Lesson 5\Lesson5_HomeWork_Shots\Lesson5_HomeWork_Shots.csproj", "{A51E4B12-8243-4085-BF85-4170DCD3A116}"
EndProject
Project("{2150E333-8FDC-42A3-9474-1A3956D46DE8}") = "Lesson6", "Lesson6", "{19422F50-4D6A-46B6-87B2-661F493B4489}"
EndProject
Project("{FAE04EC0-301F-11D3-BF4B-00C04F79EFBC}") = "Lesson6_HomeWork_Calculator", "HomeWorks\Lesson 6\Lesson6_HomeWork_Calculator\Lesson6_HomeWork_Calculator.csproj", "{F737CA76-8089-4C4B-B215-9FB3BB34CDD5}"
EndProject
Project("{9A19103F-16F7-4668-BE54-9A1E7A4F7556}") = "Lesson6_Homework_Temperature", "HomeWorks\Lesson 6\Lesson6_Homework_Temperature\Lesson6_Homework_Temperature.csproj", "{F0228C4D-1BC4-4C88-9068-537951840C33}"
EndProject
Project("{9A19103F-16F7-4668-BE54-9A1E7A4F7556}") = "Lesson6_Homework_Factorial", "HomeWorks\Lesson 6\Lesson6_Homework_Factorial\Lesson6_Homework_Factorial.csproj", "{78A6B8B6-0C23-4AE4-85CA-83A723CB15D2}"
EndProject
Project("{2150E333-8FDC-42A3-9474-1A3956D46DE8}") = "Lesson7", "Lesson7", "{70669933-5D87-41FA-A8AA-03F0CB197516}"
EndProject
Project("{FAE04EC0-301F-11D3-BF4B-00C04F79EFBC}") = "Lesson7_HomeWork_Employees", "HomeWorks\Lesson 7\Lesson7_HomeWork_Employees\Lesson7_HomeWork_Employees.csproj", "{94B3CDE9-F76D-47B0-A419-D643E3D400F9}"
EndProject
Project("{FAE04EC0-301F-11D3-BF4B-00C04F79EFBC}") = "Lesson7_HomeWork_Cars", "HomeWorks\Lesson 7\Lesson7_HomeWork_Cars\Lesson7_HomeWork_Cars.csproj", "{7B38146E-1DC2-4B75-84C1-BD285EF43A7E}"
EndProject
Global
	GlobalSection(SolutionConfigurationPlatforms) = preSolution
		Debug|Any CPU = Debug|Any CPU
		Release|Any CPU = Release|Any CPU
	EndGlobalSection
	GlobalSection(ProjectConfigurationPlatforms) = postSolution
		{14915716-D98C-4CCF-9421-F110EE71B3F7}.Debug|Any CPU.ActiveCfg = Debug|Any CPU
		{14915716-D98C-4CCF-9421-F110EE71B3F7}.Debug|Any CPU.Build.0 = Debug|Any CPU
		{14915716-D98C-4CCF-9421-F110EE71B3F7}.Release|Any CPU.ActiveCfg = Release|Any CPU
		{14915716-D98C-4CCF-9421-F110EE71B3F7}.Release|Any CPU.Build.0 = Release|Any CPU
		{D1753B25-7F05-4B43-96AA-D4237BE9A311}.Debug|Any CPU.ActiveCfg = Debug|Any CPU
		{D1753B25-7F05-4B43-96AA-D4237BE9A311}.Debug|Any CPU.Build.0 = Debug|Any CPU
		{D1753B25-7F05-4B43-96AA-D4237BE9A311}.Release|Any CPU.ActiveCfg = Release|Any CPU
		{D1753B25-7F05-4B43-96AA-D4237BE9A311}.Release|Any CPU.Build.0 = Release|Any CPU
		{D2CEC444-24BD-4C86-A8BB-40F27502F137}.Debug|Any CPU.ActiveCfg = Debug|Any CPU
		{D2CEC444-24BD-4C86-A8BB-40F27502F137}.Debug|Any CPU.Build.0 = Debug|Any CPU
		{D2CEC444-24BD-4C86-A8BB-40F27502F137}.Release|Any CPU.ActiveCfg = Release|Any CPU
		{D2CEC444-24BD-4C86-A8BB-40F27502F137}.Release|Any CPU.Build.0 = Release|Any CPU
		{C4A60277-7F74-4A8D-8E22-897C44DE478D}.Debug|Any CPU.ActiveCfg = Debug|Any CPU
		{C4A60277-7F74-4A8D-8E22-897C44DE478D}.Debug|Any CPU.Build.0 = Debug|Any CPU
		{C4A60277-7F74-4A8D-8E22-897C44DE478D}.Release|Any CPU.ActiveCfg = Release|Any CPU
		{C4A60277-7F74-4A8D-8E22-897C44DE478D}.Release|Any CPU.Build.0 = Release|Any CPU
		{12B1E411-1A79-491A-A1AE-CA47E737C1C4}.Debug|Any CPU.ActiveCfg = Debug|Any CPU
		{12B1E411-1A79-491A-A1AE-CA47E737C1C4}.Debug|Any CPU.Build.0 = Debug|Any CPU
		{12B1E411-1A79-491A-A1AE-CA47E737C1C4}.Release|Any CPU.ActiveCfg = Release|Any CPU
		{12B1E411-1A79-491A-A1AE-CA47E737C1C4}.Release|Any CPU.Build.0 = Release|Any CPU
		{6AFF916D-E8BA-4DEF-B67B-CCC1F562CD7D}.Debug|Any CPU.ActiveCfg = Debug|Any CPU
		{6AFF916D-E8BA-4DEF-B67B-CCC1F562CD7D}.Debug|Any CPU.Build.0 = Debug|Any CPU
		{6AFF916D-E8BA-4DEF-B67B-CCC1F562CD7D}.Release|Any CPU.ActiveCfg = Release|Any CPU
		{6AFF916D-E8BA-4DEF-B67B-CCC1F562CD7D}.Release|Any CPU.Build.0 = Release|Any CPU
		{977624BE-BF4D-4C75-B04C-FD2B7EDBB03F}.Debug|Any CPU.ActiveCfg = Debug|Any CPU
		{977624BE-BF4D-4C75-B04C-FD2B7EDBB03F}.Debug|Any CPU.Build.0 = Debug|Any CPU
		{977624BE-BF4D-4C75-B04C-FD2B7EDBB03F}.Release|Any CPU.ActiveCfg = Release|Any CPU
		{977624BE-BF4D-4C75-B04C-FD2B7EDBB03F}.Release|Any CPU.Build.0 = Release|Any CPU
		{7CD6AF64-5D72-47B9-9E41-AB9A09D264F6}.Debug|Any CPU.ActiveCfg = Debug|Any CPU
		{7CD6AF64-5D72-47B9-9E41-AB9A09D264F6}.Debug|Any CPU.Build.0 = Debug|Any CPU
		{7CD6AF64-5D72-47B9-9E41-AB9A09D264F6}.Release|Any CPU.ActiveCfg = Release|Any CPU
		{7CD6AF64-5D72-47B9-9E41-AB9A09D264F6}.Release|Any CPU.Build.0 = Release|Any CPU
		{2219ABA4-0F36-47D3-9C87-427906DBC4A3}.Debug|Any CPU.ActiveCfg = Debug|Any CPU
		{2219ABA4-0F36-47D3-9C87-427906DBC4A3}.Debug|Any CPU.Build.0 = Debug|Any CPU
		{2219ABA4-0F36-47D3-9C87-427906DBC4A3}.Release|Any CPU.ActiveCfg = Release|Any CPU
		{2219ABA4-0F36-47D3-9C87-427906DBC4A3}.Release|Any CPU.Build.0 = Release|Any CPU
		{D0BF4D05-63CF-475F-B13E-FD864092F96B}.Debug|Any CPU.ActiveCfg = Debug|Any CPU
		{D0BF4D05-63CF-475F-B13E-FD864092F96B}.Debug|Any CPU.Build.0 = Debug|Any CPU
		{D0BF4D05-63CF-475F-B13E-FD864092F96B}.Release|Any CPU.ActiveCfg = Release|Any CPU
		{D0BF4D05-63CF-475F-B13E-FD864092F96B}.Release|Any CPU.Build.0 = Release|Any CPU
		{201E4202-D0C1-4A24-BE1A-F76C3C53E9C1}.Debug|Any CPU.ActiveCfg = Debug|Any CPU
		{201E4202-D0C1-4A24-BE1A-F76C3C53E9C1}.Debug|Any CPU.Build.0 = Debug|Any CPU
		{201E4202-D0C1-4A24-BE1A-F76C3C53E9C1}.Release|Any CPU.ActiveCfg = Release|Any CPU
		{201E4202-D0C1-4A24-BE1A-F76C3C53E9C1}.Release|Any CPU.Build.0 = Release|Any CPU
		{A51E4B12-8243-4085-BF85-4170DCD3A116}.Debug|Any CPU.ActiveCfg = Debug|Any CPU
		{A51E4B12-8243-4085-BF85-4170DCD3A116}.Debug|Any CPU.Build.0 = Debug|Any CPU
		{A51E4B12-8243-4085-BF85-4170DCD3A116}.Release|Any CPU.ActiveCfg = Release|Any CPU
		{A51E4B12-8243-4085-BF85-4170DCD3A116}.Release|Any CPU.Build.0 = Release|Any CPU
		{F737CA76-8089-4C4B-B215-9FB3BB34CDD5}.Debug|Any CPU.ActiveCfg = Debug|Any CPU
		{F737CA76-8089-4C4B-B215-9FB3BB34CDD5}.Debug|Any CPU.Build.0 = Debug|Any CPU
		{F737CA76-8089-4C4B-B215-9FB3BB34CDD5}.Release|Any CPU.ActiveCfg = Release|Any CPU
		{F737CA76-8089-4C4B-B215-9FB3BB34CDD5}.Release|Any CPU.Build.0 = Release|Any CPU
		{F0228C4D-1BC4-4C88-9068-537951840C33}.Debug|Any CPU.ActiveCfg = Debug|Any CPU
		{F0228C4D-1BC4-4C88-9068-537951840C33}.Debug|Any CPU.Build.0 = Debug|Any CPU
		{F0228C4D-1BC4-4C88-9068-537951840C33}.Release|Any CPU.ActiveCfg = Release|Any CPU
		{F0228C4D-1BC4-4C88-9068-537951840C33}.Release|Any CPU.Build.0 = Release|Any CPU
		{78A6B8B6-0C23-4AE4-85CA-83A723CB15D2}.Debug|Any CPU.ActiveCfg = Debug|Any CPU
		{78A6B8B6-0C23-4AE4-85CA-83A723CB15D2}.Debug|Any CPU.Build.0 = Debug|Any CPU
		{78A6B8B6-0C23-4AE4-85CA-83A723CB15D2}.Release|Any CPU.ActiveCfg = Release|Any CPU
		{78A6B8B6-0C23-4AE4-85CA-83A723CB15D2}.Release|Any CPU.Build.0 = Release|Any CPU
		{94B3CDE9-F76D-47B0-A419-D643E3D400F9}.Debug|Any CPU.ActiveCfg = Debug|Any CPU
		{94B3CDE9-F76D-47B0-A419-D643E3D400F9}.Debug|Any CPU.Build.0 = Debug|Any CPU
		{94B3CDE9-F76D-47B0-A419-D643E3D400F9}.Release|Any CPU.ActiveCfg = Release|Any CPU
		{94B3CDE9-F76D-47B0-A419-D643E3D400F9}.Release|Any CPU.Build.0 = Release|Any CPU
		{7B38146E-1DC2-4B75-84C1-BD285EF43A7E}.Debug|Any CPU.ActiveCfg = Debug|Any CPU
		{7B38146E-1DC2-4B75-84C1-BD285EF43A7E}.Debug|Any CPU.Build.0 = Debug|Any CPU
		{7B38146E-1DC2-4B75-84C1-BD285EF43A7E}.Release|Any CPU.ActiveCfg = Release|Any CPU
		{7B38146E-1DC2-4B75-84C1-BD285EF43A7E}.Release|Any CPU.Build.0 = Release|Any CPU
	EndGlobalSection
	GlobalSection(SolutionProperties) = preSolution
		HideSolutionNode = FALSE
	EndGlobalSection
	GlobalSection(NestedProjects) = preSolution
		{E96E5225-836E-4DE5-9EC8-10D425E43F5D} = {A9C8DC58-8E12-4E59-B6C0-2AFC7C66064A}
		{D1753B25-7F05-4B43-96AA-D4237BE9A311} = {E96E5225-836E-4DE5-9EC8-10D425E43F5D}
		{D2CEC444-24BD-4C86-A8BB-40F27502F137} = {E96E5225-836E-4DE5-9EC8-10D425E43F5D}
		{C4A60277-7F74-4A8D-8E22-897C44DE478D} = {E96E5225-836E-4DE5-9EC8-10D425E43F5D}
		{12B1E411-1A79-491A-A1AE-CA47E737C1C4} = {E96E5225-836E-4DE5-9EC8-10D425E43F5D}
		{4054F5F8-8C31-49B8-9617-333A421CF663} = {A9C8DC58-8E12-4E59-B6C0-2AFC7C66064A}
		{6AFF916D-E8BA-4DEF-B67B-CCC1F562CD7D} = {4054F5F8-8C31-49B8-9617-333A421CF663}
		{977624BE-BF4D-4C75-B04C-FD2B7EDBB03F} = {4054F5F8-8C31-49B8-9617-333A421CF663}
		{CAE134D4-877D-45EE-9332-0DEF265D2FA3} = {A9C8DC58-8E12-4E59-B6C0-2AFC7C66064A}
		{7CD6AF64-5D72-47B9-9E41-AB9A09D264F6} = {CAE134D4-877D-45EE-9332-0DEF265D2FA3}
		{2219ABA4-0F36-47D3-9C87-427906DBC4A3} = {CAE134D4-877D-45EE-9332-0DEF265D2FA3}
		{A3B3032A-9315-4C2E-993D-41BDBBBF9B16} = {A9C8DC58-8E12-4E59-B6C0-2AFC7C66064A}
		{770E0C3F-6209-4C53-86CF-1A4F6535A660} = {A9C8DC58-8E12-4E59-B6C0-2AFC7C66064A}
		{D0BF4D05-63CF-475F-B13E-FD864092F96B} = {770E0C3F-6209-4C53-86CF-1A4F6535A660}
		{201E4202-D0C1-4A24-BE1A-F76C3C53E9C1} = {770E0C3F-6209-4C53-86CF-1A4F6535A660}
		{A51E4B12-8243-4085-BF85-4170DCD3A116} = {770E0C3F-6209-4C53-86CF-1A4F6535A660}
		{19422F50-4D6A-46B6-87B2-661F493B4489} = {A9C8DC58-8E12-4E59-B6C0-2AFC7C66064A}
		{F737CA76-8089-4C4B-B215-9FB3BB34CDD5} = {19422F50-4D6A-46B6-87B2-661F493B4489}
		{F0228C4D-1BC4-4C88-9068-537951840C33} = {19422F50-4D6A-46B6-87B2-661F493B4489}
		{78A6B8B6-0C23-4AE4-85CA-83A723CB15D2} = {19422F50-4D6A-46B6-87B2-661F493B4489}
		{70669933-5D87-41FA-A8AA-03F0CB197516} = {A9C8DC58-8E12-4E59-B6C0-2AFC7C66064A}
		{94B3CDE9-F76D-47B0-A419-D643E3D400F9} = {70669933-5D87-41FA-A8AA-03F0CB197516}
		{7B38146E-1DC2-4B75-84C1-BD285EF43A7E} = {70669933-5D87-41FA-A8AA-03F0CB197516}
	EndGlobalSection
	GlobalSection(ExtensibilityGlobals) = postSolution
		SolutionGuid = {1FC29AD5-13F1-40F4-B0AA-6C8997DCBD8F}
	EndGlobalSection
EndGlobal
