
Microsoft Visual Studio Solution File, Format Version 12.00
# Visual Studio Version 16
VisualStudioVersion = 16.0.32901.82
MinimumVisualStudioVersion = 10.0.40219.1
Project("{9A19103F-16F7-4668-BE54-9A1E7A4F7556}") = "Civilizations", "Civilizations.csproj", "{EBCD0FE7-BBCC-4DD5-8433-0A22EA241B6A}"
EndProject
Project("{2150E333-8FDC-42A3-9474-1A3956D46DE8}") = "Solution Items", "Solution Items", "{C7CD5DEF-6566-44D5-B230-FBCF49638D7F}"
	ProjectSection(SolutionItems) = preProject
		.editorconfig = .editorconfig
	EndProjectSection
EndProject
Global
	GlobalSection(SolutionConfigurationPlatforms) = preSolution
		Debug|Any CPU = Debug|Any CPU
		Release|Any CPU = Release|Any CPU
	EndGlobalSection
	GlobalSection(ProjectConfigurationPlatforms) = postSolution
		{EBCD0FE7-BBCC-4DD5-8433-0A22EA241B6A}.Debug|Any CPU.ActiveCfg = Debug|Any CPU
		{EBCD0FE7-BBCC-4DD5-8433-0A22EA241B6A}.Debug|Any CPU.Build.0 = Debug|Any CPU
		{EBCD0FE7-BBCC-4DD5-8433-0A22EA241B6A}.Release|Any CPU.ActiveCfg = Release|Any CPU
		{EBCD0FE7-BBCC-4DD5-8433-0A22EA241B6A}.Release|Any CPU.Build.0 = Release|Any CPU
	EndGlobalSection
	GlobalSection(SolutionProperties) = preSolution
		HideSolutionNode = FALSE
	EndGlobalSection
	GlobalSection(ExtensibilityGlobals) = postSolution
		SolutionGuid = {0807F049-01C4-4A24-A59C-E0CB7AA2642A}
	EndGlobalSection
EndGlobal
